
Microsoft Visual Studio Solution File, Format Version 12.00
# Visual Studio Version 16
VisualStudioVersion = 16.0.29009.5
MinimumVisualStudioVersion = 10.0.40219.1
Project("{FAE04EC0-301F-11D3-BF4B-00C04F79EFBC}") = "Patterns.Builder", "Patterns.Builder\Patterns.Builder.csproj", "{F3BD8BCD-93C5-4F0B-80D9-875B2C09A58F}"
EndProject
Global
	GlobalSection(SolutionConfigurationPlatforms) = preSolution
		Debug|Any CPU = Debug|Any CPU
		Release|Any CPU = Release|Any CPU
	EndGlobalSection
	GlobalSection(ProjectConfigurationPlatforms) = postSolution
		{F3BD8BCD-93C5-4F0B-80D9-875B2C09A58F}.Debug|Any CPU.ActiveCfg = Debug|Any CPU
		{F3BD8BCD-93C5-4F0B-80D9-875B2C09A58F}.Debug|Any CPU.Build.0 = Debug|Any CPU
		{F3BD8BCD-93C5-4F0B-80D9-875B2C09A58F}.Release|Any CPU.ActiveCfg = Release|Any CPU
		{F3BD8BCD-93C5-4F0B-80D9-875B2C09A58F}.Release|Any CPU.Build.0 = Release|Any CPU
	EndGlobalSection
	GlobalSection(SolutionProperties) = preSolution
		HideSolutionNode = FALSE
	EndGlobalSection
	GlobalSection(ExtensibilityGlobals) = postSolution
		SolutionGuid = {B44A4C2D-2E54-4B19-BBA6-39B073A4933F}
	EndGlobalSection
EndGlobal
